
Microsoft Visual Studio Solution File, Format Version 12.00
# Visual Studio Version 17
VisualStudioVersion = 17.13.35818.85 d17.13
MinimumVisualStudioVersion = 10.0.40219.1
Project("{54A90642-561A-4BB1-A94E-469ADEE60C69}") = "pet-o-tel.client", "pet-o-tel.client\pet-o-tel.client.esproj", "{D1EDC908-5D12-7411-FE1C-75358CB0BD98}"
EndProject
Project("{FAE04EC0-301F-11D3-BF4B-00C04F79EFBC}") = "Pet-O-Tel.Server", "Pet-O-Tel.Server\Pet-O-Tel.Server.csproj", "{41BB91DD-13BD-49B8-9718-2CF348035F94}"
EndProject
Global
	GlobalSection(SolutionConfigurationPlatforms) = preSolution
		Debug|Any CPU = Debug|Any CPU
		Release|Any CPU = Release|Any CPU
	EndGlobalSection
	GlobalSection(ProjectConfigurationPlatforms) = postSolution
		{D1EDC908-5D12-7411-FE1C-75358CB0BD98}.Debug|Any CPU.ActiveCfg = Debug|Any CPU
		{D1EDC908-5D12-7411-FE1C-75358CB0BD98}.Debug|Any CPU.Build.0 = Debug|Any CPU
		{D1EDC908-5D12-7411-FE1C-75358CB0BD98}.Debug|Any CPU.Deploy.0 = Debug|Any CPU
		{D1EDC908-5D12-7411-FE1C-75358CB0BD98}.Release|Any CPU.ActiveCfg = Release|Any CPU
		{D1EDC908-5D12-7411-FE1C-75358CB0BD98}.Release|Any CPU.Build.0 = Release|Any CPU
		{D1EDC908-5D12-7411-FE1C-75358CB0BD98}.Release|Any CPU.Deploy.0 = Release|Any CPU
		{41BB91DD-13BD-49B8-9718-2CF348035F94}.Debug|Any CPU.ActiveCfg = Debug|Any CPU
		{41BB91DD-13BD-49B8-9718-2CF348035F94}.Debug|Any CPU.Build.0 = Debug|Any CPU
		{41BB91DD-13BD-49B8-9718-2CF348035F94}.Release|Any CPU.ActiveCfg = Release|Any CPU
		{41BB91DD-13BD-49B8-9718-2CF348035F94}.Release|Any CPU.Build.0 = Release|Any CPU
	EndGlobalSection
	GlobalSection(SolutionProperties) = preSolution
		HideSolutionNode = FALSE
	EndGlobalSection
	GlobalSection(ExtensibilityGlobals) = postSolution
		SolutionGuid = {2C556581-8768-43DB-8760-D32AF1294935}
	EndGlobalSection
EndGlobal
